
Microsoft Visual Studio Solution File, Format Version 12.00
# Visual Studio 14
VisualStudioVersion = 14.0.23107.0
MinimumVisualStudioVersion = 10.0.40219.1
Project("{FAE04EC0-301F-11D3-BF4B-00C04F79EFBC}") = "JNUP", "JNUP\JNUP.csproj", "{85DE3751-A379-4601-8EB3-A396CE56D90F}"
EndProject
Global
	GlobalSection(SolutionConfigurationPlatforms) = preSolution
		Debug|Any CPU = Debug|Any CPU
		Release|Any CPU = Release|Any CPU
	EndGlobalSection
	GlobalSection(ProjectConfigurationPlatforms) = postSolution
		{85DE3751-A379-4601-8EB3-A396CE56D90F}.Debug|Any CPU.ActiveCfg = Debug|Any CPU
		{85DE3751-A379-4601-8EB3-A396CE56D90F}.Debug|Any CPU.Build.0 = Debug|Any CPU
		{85DE3751-A379-4601-8EB3-A396CE56D90F}.Release|Any CPU.ActiveCfg = Release|Any CPU
		{85DE3751-A379-4601-8EB3-A396CE56D90F}.Release|Any CPU.Build.0 = Release|Any CPU
	EndGlobalSection
	GlobalSection(SolutionProperties) = preSolution
		HideSolutionNode = FALSE
	EndGlobalSection
EndGlobal
